// !$*UTF8*$!
{
	archiveVersion = 1;
	classes = {
	};
	objectVersion = 50;
	objects = {

/* Begin PBXBuildFile section */
		FF67A0052237756B00A30925 /* AppDelegate.swift in Sources */ = {isa = PBXBuildFile; fileRef = FF67A0042237756B00A30925 /* AppDelegate.swift */; };
		FF67A0072237756B00A30925 /* ViewController.swift in Sources */ = {isa = PBXBuildFile; fileRef = FF67A0062237756B00A30925 /* ViewController.swift */; };
		FF67A00A2237756B00A30925 /* Main.storyboard in Resources */ = {isa = PBXBuildFile; fileRef = FF67A0082237756B00A30925 /* Main.storyboard */; };
		FF67A00D2237756B00A30925 /* ReviewApp.xcdatamodeld in Sources */ = {isa = PBXBuildFile; fileRef = FF67A00B2237756B00A30925 /* ReviewApp.xcdatamodeld */; };
		FF67A00F2237756C00A30925 /* Assets.xcassets in Resources */ = {isa = PBXBuildFile; fileRef = FF67A00E2237756C00A30925 /* Assets.xcassets */; };
		FF67A0122237756D00A30925 /* LaunchScreen.storyboard in Resources */ = {isa = PBXBuildFile; fileRef = FF67A0102237756D00A30925 /* LaunchScreen.storyboard */; };
		FF67A01D2237756D00A30925 /* ReviewAppTests.swift in Sources */ = {isa = PBXBuildFile; fileRef = FF67A01C2237756D00A30925 /* ReviewAppTests.swift */; };
		FF67A0282237756D00A30925 /* ReviewAppUITests.swift in Sources */ = {isa = PBXBuildFile; fileRef = FF67A0272237756D00A30925 /* ReviewAppUITests.swift */; };
/* End PBXBuildFile section */

/* Begin PBXContainerItemProxy section */
		FF67A0192237756D00A30925 /* PBXContainerItemProxy */ = {
			isa = PBXContainerItemProxy;
			containerPortal = FF679FF92237756B00A30925 /* Project object */;
			proxyType = 1;
			remoteGlobalIDString = FF67A0002237756B00A30925;
			remoteInfo = ReviewApp;
		};
		FF67A0242237756D00A30925 /* PBXContainerItemProxy */ = {
			isa = PBXContainerItemProxy;
			containerPortal = FF679FF92237756B00A30925 /* Project object */;
			proxyType = 1;
			remoteGlobalIDString = FF67A0002237756B00A30925;
			remoteInfo = ReviewApp;
		};
/* End PBXContainerItemProxy section */

/* Begin PBXFileReference section */
		FF67A0012237756B00A30925 /* ReviewApp.app */ = {isa = PBXFileReference; explicitFileType = wrapper.application; includeInIndex = 0; path = ReviewApp.app; sourceTree = BUILT_PRODUCTS_DIR; };
		FF67A0042237756B00A30925 /* AppDelegate.swift */ = {isa = PBXFileReference; lastKnownFileType = sourcecode.swift; path = AppDelegate.swift; sourceTree = "<group>"; };
		FF67A0062237756B00A30925 /* ViewController.swift */ = {isa = PBXFileReference; lastKnownFileType = sourcecode.swift; path = ViewController.swift; sourceTree = "<group>"; };
		FF67A0092237756B00A30925 /* Base */ = {isa = PBXFileReference; lastKnownFileType = file.storyboard; name = Base; path = Base.lproj/Main.storyboard; sourceTree = "<group>"; };
		FF67A00C2237756B00A30925 /* ReviewApp.xcdatamodel */ = {isa = PBXFileReference; lastKnownFileType = wrapper.xcdatamodel; path = ReviewApp.xcdatamodel; sourceTree = "<group>"; };
		FF67A00E2237756C00A30925 /* Assets.xcassets */ = {isa = PBXFileReference; lastKnownFileType = folder.assetcatalog; path = Assets.xcassets; sourceTree = "<group>"; };
		FF67A0112237756D00A30925 /* Base */ = {isa = PBXFileReference; lastKnownFileType = file.storyboard; name = Base; path = Base.lproj/LaunchScreen.storyboard; sourceTree = "<group>"; };
		FF67A0132237756D00A30925 /* Info.plist */ = {isa = PBXFileReference; lastKnownFileType = text.plist.xml; path = Info.plist; sourceTree = "<group>"; };
		FF67A0182237756D00A30925 /* ReviewAppTests.xctest */ = {isa = PBXFileReference; explicitFileType = wrapper.cfbundle; includeInIndex = 0; path = ReviewAppTests.xctest; sourceTree = BUILT_PRODUCTS_DIR; };
		FF67A01C2237756D00A30925 /* ReviewAppTests.swift */ = {isa = PBXFileReference; lastKnownFileType = sourcecode.swift; path = ReviewAppTests.swift; sourceTree = "<group>"; };
		FF67A01E2237756D00A30925 /* Info.plist */ = {isa = PBXFileReference; lastKnownFileType = text.plist.xml; path = Info.plist; sourceTree = "<group>"; };
		FF67A0232237756D00A30925 /* ReviewAppUITests.xctest */ = {isa = PBXFileReference; explicitFileType = wrapper.cfbundle; includeInIndex = 0; path = ReviewAppUITests.xctest; sourceTree = BUILT_PRODUCTS_DIR; };
		FF67A0272237756D00A30925 /* ReviewAppUITests.swift */ = {isa = PBXFileReference; lastKnownFileType = sourcecode.swift; path = ReviewAppUITests.swift; sourceTree = "<group>"; };
		FF67A0292237756D00A30925 /* Info.plist */ = {isa = PBXFileReference; lastKnownFileType = text.plist.xml; path = Info.plist; sourceTree = "<group>"; };
/* End PBXFileReference section */

/* Begin PBXFrameworksBuildPhase section */
		FF679FFE2237756B00A30925 /* Frameworks */ = {
			isa = PBXFrameworksBuildPhase;
			buildActionMask = 2147483647;
			files = (
			);
			runOnlyForDeploymentPostprocessing = 0;
		};
		FF67A0152237756D00A30925 /* Frameworks */ = {
			isa = PBXFrameworksBuildPhase;
			buildActionMask = 2147483647;
			files = (
			);
			runOnlyForDeploymentPostprocessing = 0;
		};
		FF67A0202237756D00A30925 /* Frameworks */ = {
			isa = PBXFrameworksBuildPhase;
			buildActionMask = 2147483647;
			files = (
			);
			runOnlyForDeploymentPostprocessing = 0;
		};
/* End PBXFrameworksBuildPhase section */

/* Begin PBXGroup section */
		FF679FF82237756B00A30925 = {
			isa = PBXGroup;
			children = (
				FF67A0032237756B00A30925 /* ReviewApp */,
				FF67A01B2237756D00A30925 /* ReviewAppTests */,
				FF67A0262237756D00A30925 /* ReviewAppUITests */,
				FF67A0022237756B00A30925 /* Products */,
			);
			sourceTree = "<group>";
		};
		FF67A0022237756B00A30925 /* Products */ = {
			isa = PBXGroup;
			children = (
				FF67A0012237756B00A30925 /* ReviewApp.app */,
				FF67A0182237756D00A30925 /* ReviewAppTests.xctest */,
				FF67A0232237756D00A30925 /* ReviewAppUITests.xctest */,
			);
			name = Products;
			sourceTree = "<group>";
		};
		FF67A0032237756B00A30925 /* ReviewApp */ = {
			isa = PBXGroup;
			children = (
				FF67A0042237756B00A30925 /* AppDelegate.swift */,
				FF67A0062237756B00A30925 /* ViewController.swift */,
				FF67A0082237756B00A30925 /* Main.storyboard */,
				FF67A00E2237756C00A30925 /* Assets.xcassets */,
				FF67A0102237756D00A30925 /* LaunchScreen.storyboard */,
				FF67A0132237756D00A30925 /* Info.plist */,
				FF67A00B2237756B00A30925 /* ReviewApp.xcdatamodeld */,
			);
			path = ReviewApp;
			sourceTree = "<group>";
		};
		FF67A01B2237756D00A30925 /* ReviewAppTests */ = {
			isa = PBXGroup;
			children = (
				FF67A01C2237756D00A30925 /* ReviewAppTests.swift */,
				FF67A01E2237756D00A30925 /* Info.plist */,
			);
			path = ReviewAppTests;
			sourceTree = "<group>";
		};
		FF67A0262237756D00A30925 /* ReviewAppUITests */ = {
			isa = PBXGroup;
			children = (
				FF67A0272237756D00A30925 /* ReviewAppUITests.swift */,
				FF67A0292237756D00A30925 /* Info.plist */,
			);
			path = ReviewAppUITests;
			sourceTree = "<group>";
		};
/* End PBXGroup section */

/* Begin PBXNativeTarget section */
		FF67A0002237756B00A30925 /* ReviewApp */ = {
			isa = PBXNativeTarget;
			buildConfigurationList = FF67A02C2237756D00A30925 /* Build configuration list for PBXNativeTarget "ReviewApp" */;
			buildPhases = (
				FF679FFD2237756B00A30925 /* Sources */,
				FF679FFE2237756B00A30925 /* Frameworks */,
				FF679FFF2237756B00A30925 /* Resources */,
			);
			buildRules = (
			);
			dependencies = (
			);
			name = ReviewApp;
			productName = ReviewApp;
			productReference = FF67A0012237756B00A30925 /* ReviewApp.app */;
			productType = "com.apple.product-type.application";
		};
		FF67A0172237756D00A30925 /* ReviewAppTests */ = {
			isa = PBXNativeTarget;
			buildConfigurationList = FF67A02F2237756D00A30925 /* Build configuration list for PBXNativeTarget "ReviewAppTests" */;
			buildPhases = (
				FF67A0142237756D00A30925 /* Sources */,
				FF67A0152237756D00A30925 /* Frameworks */,
				FF67A0162237756D00A30925 /* Resources */,
			);
			buildRules = (
			);
			dependencies = (
				FF67A01A2237756D00A30925 /* PBXTargetDependency */,
			);
			name = ReviewAppTests;
			productName = ReviewAppTests;
			productReference = FF67A0182237756D00A30925 /* ReviewAppTests.xctest */;
			productType = "com.apple.product-type.bundle.unit-test";
		};
		FF67A0222237756D00A30925 /* ReviewAppUITests */ = {
			isa = PBXNativeTarget;
			buildConfigurationList = FF67A0322237756D00A30925 /* Build configuration list for PBXNativeTarget "ReviewAppUITests" */;
			buildPhases = (
				FF67A01F2237756D00A30925 /* Sources */,
				FF67A0202237756D00A30925 /* Frameworks */,
				FF67A0212237756D00A30925 /* Resources */,
			);
			buildRules = (
			);
			dependencies = (
				FF67A0252237756D00A30925 /* PBXTargetDependency */,
			);
			name = ReviewAppUITests;
			productName = ReviewAppUITests;
			productReference = FF67A0232237756D00A30925 /* ReviewAppUITests.xctest */;
			productType = "com.apple.product-type.bundle.ui-testing";
		};
/* End PBXNativeTarget section */

/* Begin PBXProject section */
		FF679FF92237756B00A30925 /* Project object */ = {
			isa = PBXProject;
			attributes = {
				LastSwiftUpdateCheck = 1010;
				LastUpgradeCheck = 1010;
				ORGANIZATIONNAME = Kondya;
				TargetAttributes = {
					FF67A0002237756B00A30925 = {
						CreatedOnToolsVersion = 10.1;
					};
					FF67A0172237756D00A30925 = {
						CreatedOnToolsVersion = 10.1;
						TestTargetID = FF67A0002237756B00A30925;
					};
					FF67A0222237756D00A30925 = {
						CreatedOnToolsVersion = 10.1;
						TestTargetID = FF67A0002237756B00A30925;
					};
				};
			};
			buildConfigurationList = FF679FFC2237756B00A30925 /* Build configuration list for PBXProject "ReviewApp" */;
			compatibilityVersion = "Xcode 9.3";
			developmentRegion = en;
			hasScannedForEncodings = 0;
			knownRegions = (
				en,
				Base,
			);
			mainGroup = FF679FF82237756B00A30925;
			productRefGroup = FF67A0022237756B00A30925 /* Products */;
			projectDirPath = "";
			projectRoot = "";
			targets = (
				FF67A0002237756B00A30925 /* ReviewApp */,
				FF67A0172237756D00A30925 /* ReviewAppTests */,
				FF67A0222237756D00A30925 /* ReviewAppUITests */,
			);
		};
/* End PBXProject section */

/* Begin PBXResourcesBuildPhase section */
		FF679FFF2237756B00A30925 /* Resources */ = {
			isa = PBXResourcesBuildPhase;
			buildActionMask = 2147483647;
			files = (
				FF67A0122237756D00A30925 /* LaunchScreen.storyboard in Resources */,
				FF67A00F2237756C00A30925 /* Assets.xcassets in Resources */,
				FF67A00A2237756B00A30925 /* Main.storyboard in Resources */,
			);
			runOnlyForDeploymentPostprocessing = 0;
		};
		FF67A0162237756D00A30925 /* Resources */ = {
			isa = PBXResourcesBuildPhase;
			buildActionMask = 2147483647;
			files = (
			);
			runOnlyForDeploymentPostprocessing = 0;
		};
		FF67A0212237756D00A30925 /* Resources */ = {
			isa = PBXResourcesBuildPhase;
			buildActionMask = 2147483647;
			files = (
			);
			runOnlyForDeploymentPostprocessing = 0;
		};
/* End PBXResourcesBuildPhase section */

/* Begin PBXSourcesBuildPhase section */
		FF679FFD2237756B00A30925 /* Sources */ = {
			isa = PBXSourcesBuildPhase;
			buildActionMask = 2147483647;
			files = (
				FF67A0072237756B00A30925 /* ViewController.swift in Sources */,
				FF67A0052237756B00A30925 /* AppDelegate.swift in Sources */,
				FF67A00D2237756B00A30925 /* ReviewApp.xcdatamodeld in Sources */,
			);
			runOnlyForDeploymentPostprocessing = 0;
		};
		FF67A0142237756D00A30925 /* Sources */ = {
			isa = PBXSourcesBuildPhase;
			buildActionMask = 2147483647;
			files = (
				FF67A01D2237756D00A30925 /* ReviewAppTests.swift in Sources */,
			);
			runOnlyForDeploymentPostprocessing = 0;
		};
		FF67A01F2237756D00A30925 /* Sources */ = {
			isa = PBXSourcesBuildPhase;
			buildActionMask = 2147483647;
			files = (
				FF67A0282237756D00A30925 /* ReviewAppUITests.swift in Sources */,
			);
			runOnlyForDeploymentPostprocessing = 0;
		};
/* End PBXSourcesBuildPhase section */

/* Begin PBXTargetDependency section */
		FF67A01A2237756D00A30925 /* PBXTargetDependency */ = {
			isa = PBXTargetDependency;
			target = FF67A0002237756B00A30925 /* ReviewApp */;
			targetProxy = FF67A0192237756D00A30925 /* PBXContainerItemProxy */;
		};
		FF67A0252237756D00A30925 /* PBXTargetDependency */ = {
			isa = PBXTargetDependency;
			target = FF67A0002237756B00A30925 /* ReviewApp */;
			targetProxy = FF67A0242237756D00A30925 /* PBXContainerItemProxy */;
		};
/* End PBXTargetDependency section */

/* Begin PBXVariantGroup section */
		FF67A0082237756B00A30925 /* Main.storyboard */ = {
			isa = PBXVariantGroup;
			children = (
				FF67A0092237756B00A30925 /* Base */,
			);
			name = Main.storyboard;
			sourceTree = "<group>";
		};
		FF67A0102237756D00A30925 /* LaunchScreen.storyboard */ = {
			isa = PBXVariantGroup;
			children = (
				FF67A0112237756D00A30925 /* Base */,
			);
			name = LaunchScreen.storyboard;
			sourceTree = "<group>";
		};
/* End PBXVariantGroup section */

/* Begin XCBuildConfiguration section */
		FF67A02A2237756D00A30925 /* Debug */ = {
			isa = XCBuildConfiguration;
			buildSettings = {
				ALWAYS_SEARCH_USER_PATHS = NO;
				CLANG_ANALYZER_NONNULL = YES;
				CLANG_ANALYZER_NUMBER_OBJECT_CONVERSION = YES_AGGRESSIVE;
				CLANG_CXX_LANGUAGE_STANDARD = "gnu++14";
				CLANG_CXX_LIBRARY = "libc++";
				CLANG_ENABLE_MODULES = YES;
				CLANG_ENABLE_OBJC_ARC = YES;
				CLANG_ENABLE_OBJC_WEAK = YES;
				CLANG_WARN_BLOCK_CAPTURE_AUTORELEASING = YES;
				CLANG_WARN_BOOL_CONVERSION = YES;
				CLANG_WARN_COMMA = YES;
				CLANG_WARN_CONSTANT_CONVERSION = YES;
				CLANG_WARN_DEPRECATED_OBJC_IMPLEMENTATIONS = YES;
				CLANG_WARN_DIRECT_OBJC_ISA_USAGE = YES_ERROR;
				CLANG_WARN_DOCUMENTATION_COMMENTS = YES;
				CLANG_WARN_EMPTY_BODY = YES;
				CLANG_WARN_ENUM_CONVERSION = YES;
				CLANG_WARN_INFINITE_RECURSION = YES;
				CLANG_WARN_INT_CONVERSION = YES;
				CLANG_WARN_NON_LITERAL_NULL_CONVERSION = YES;
				CLANG_WARN_OBJC_IMPLICIT_RETAIN_SELF = YES;
				CLANG_WARN_OBJC_LITERAL_CONVERSION = YES;
				CLANG_WARN_OBJC_ROOT_CLASS = YES_ERROR;
				CLANG_WARN_RANGE_LOOP_ANALYSIS = YES;
				CLANG_WARN_STRICT_PROTOTYPES = YES;
				CLANG_WARN_SUSPICIOUS_MOVE = YES;
				CLANG_WARN_UNGUARDED_AVAILABILITY = YES_AGGRESSIVE;
				CLANG_WARN_UNREACHABLE_CODE = YES;
				CLANG_WARN__DUPLICATE_METHOD_MATCH = YES;
				CODE_SIGN_IDENTITY = "iPhone Developer";
				COPY_PHASE_STRIP = NO;
				DEBUG_INFORMATION_FORMAT = dwarf;
				ENABLE_STRICT_OBJC_MSGSEND = YES;
				ENABLE_TESTABILITY = YES;
				GCC_C_LANGUAGE_STANDARD = gnu11;
				GCC_DYNAMIC_NO_PIC = NO;
				GCC_NO_COMMON_BLOCKS = YES;
				GCC_OPTIMIZATION_LEVEL = 0;
				GCC_PREPROCESSOR_DEFINITIONS = (
					"DEBUG=1",
					"$(inherited)",
				);
				GCC_WARN_64_TO_32_BIT_CONVERSION = YES;
				GCC_WARN_ABOUT_RETURN_TYPE = YES_ERROR;
				GCC_WARN_UNDECLARED_SELECTOR = YES;
				GCC_WARN_UNINITIALIZED_AUTOS = YES_AGGRESSIVE;
				GCC_WARN_UNUSED_FUNCTION = YES;
				GCC_WARN_UNUSED_VARIABLE = YES;
				IPHONEOS_DEPLOYMENT_TARGET = 12.1;
				MTL_ENABLE_DEBUG_INFO = INCLUDE_SOURCE;
				MTL_FAST_MATH = YES;
				ONLY_ACTIVE_ARCH = YES;
				SDKROOT = iphoneos;
				SWIFT_ACTIVE_COMPILATION_CONDITIONS = DEBUG;
				SWIFT_OPTIMIZATION_LEVEL = "-Onone";
			};
			name = Debug;
		};
		FF67A02B2237756D00A30925 /* Release */ = {
			isa = XCBuildConfiguration;
			buildSettings = {
				ALWAYS_SEARCH_USER_PATHS = NO;
				CLANG_ANALYZER_NONNULL = YES;
				CLANG_ANALYZER_NUMBER_OBJECT_CONVERSION = YES_AGGRESSIVE;
				CLANG_CXX_LANGUAGE_STANDARD = "gnu++14";
				CLANG_CXX_LIBRARY = "libc++";
				CLANG_ENABLE_MODULES = YES;
				CLANG_ENABLE_OBJC_ARC = YES;
				CLANG_ENABLE_OBJC_WEAK = YES;
				CLANG_WARN_BLOCK_CAPTURE_AUTORELEASING = YES;
				CLANG_WARN_BOOL_CONVERSION = YES;
				CLANG_WARN_COMMA = YES;
				CLANG_WARN_CONSTANT_CONVERSION = YES;
				CLANG_WARN_DEPRECATED_OBJC_IMPLEMENTATIONS = YES;
				CLANG_WARN_DIRECT_OBJC_ISA_USAGE = YES_ERROR;
				CLANG_WARN_DOCUMENTATION_COMMENTS = YES;
				CLANG_WARN_EMPTY_BODY = YES;
				CLANG_WARN_ENUM_CONVERSION = YES;
				CLANG_WARN_INFINITE_RECURSION = YES;
				CLANG_WARN_INT_CONVERSION = YES;
				CLANG_WARN_NON_LITERAL_NULL_CONVERSION = YES;
				CLANG_WARN_OBJC_IMPLICIT_RETAIN_SELF = YES;
				CLANG_WARN_OBJC_LITERAL_CONVERSION = YES;
				CLANG_WARN_OBJC_ROOT_CLASS = YES_ERROR;
				CLANG_WARN_RANGE_LOOP_ANALYSIS = YES;
				CLANG_WARN_STRICT_PROTOTYPES = YES;
				CLANG_WARN_SUSPICIOUS_MOVE = YES;
				CLANG_WARN_UNGUARDED_AVAILABILITY = YES_AGGRESSIVE;
				CLANG_WARN_UNREACHABLE_CODE = YES;
				CLANG_WARN__DUPLICATE_METHOD_MATCH = YES;
				CODE_SIGN_IDENTITY = "iPhone Developer";
				COPY_PHASE_STRIP = NO;
				DEBUG_INFORMATION_FORMAT = "dwarf-with-dsym";
				ENABLE_NS_ASSERTIONS = NO;
				ENABLE_STRICT_OBJC_MSGSEND = YES;
				GCC_C_LANGUAGE_STANDARD = gnu11;
				GCC_NO_COMMON_BLOCKS = YES;
				GCC_WARN_64_TO_32_BIT_CONVERSION = YES;
				GCC_WARN_ABOUT_RETURN_TYPE = YES_ERROR;
				GCC_WARN_UNDECLARED_SELECTOR = YES;
				GCC_WARN_UNINITIALIZED_AUTOS = YES_AGGRESSIVE;
				GCC_WARN_UNUSED_FUNCTION = YES;
				GCC_WARN_UNUSED_VARIABLE = YES;
				IPHONEOS_DEPLOYMENT_TARGET = 12.1;
				MTL_ENABLE_DEBUG_INFO = NO;
				MTL_FAST_MATH = YES;
				SDKROOT = iphoneos;
				SWIFT_COMPILATION_MODE = wholemodule;
				SWIFT_OPTIMIZATION_LEVEL = "-O";
				VALIDATE_PRODUCT = YES;
			};
			name = Release;
		};
		FF67A02D2237756D00A30925 /* Debug */ = {
			isa = XCBuildConfiguration;
			buildSettings = {
				ASSETCATALOG_COMPILER_APPICON_NAME = AppIcon;
				CODE_SIGN_STYLE = Automatic;
				DEVELOPMENT_TEAM = UMUY72KH99;
				INFOPLIST_FILE = ReviewApp/Info.plist;
				LD_RUNPATH_SEARCH_PATHS = (
					"$(inherited)",
					"@executable_path/Frameworks",
				);
				PRODUCT_BUNDLE_IDENTIFIER = com.ReviewApp;
				PRODUCT_NAME = "$(TARGET_NAME)";
				SWIFT_VERSION = 4.2;
				TARGETED_DEVICE_FAMILY = "1,2";
			};
			name = Debug;
		};
		FF67A02E2237756D00A30925 /* Release */ = {
			isa = XCBuildConfiguration;
			buildSettings = {
				ASSETCATALOG_COMPILER_APPICON_NAME = AppIcon;
				CODE_SIGN_STYLE = Automatic;
				DEVELOPMENT_TEAM = UMUY72KH99;
				INFOPLIST_FILE = ReviewApp/Info.plist;
				LD_RUNPATH_SEARCH_PATHS = (
					"$(inherited)",
					"@executable_path/Frameworks",
				);
				PRODUCT_BUNDLE_IDENTIFIER = com.ReviewApp;
				PRODUCT_NAME = "$(TARGET_NAME)";
				SWIFT_VERSION = 4.2;
				TARGETED_DEVICE_FAMILY = "1,2";
			};
			name = Release;
		};
		FF67A0302237756D00A30925 /* Debug */ = {
			isa = XCBuildConfiguration;
			buildSettings = {
				ALWAYS_EMBED_SWIFT_STANDARD_LIBRARIES = YES;
				BUNDLE_LOADER = "$(TEST_HOST)";
				CODE_SIGN_STYLE = Automatic;
				DEVELOPMENT_TEAM = UMUY72KH99;
				INFOPLIST_FILE = ReviewAppTests/Info.plist;
				LD_RUNPATH_SEARCH_PATHS = (
					"$(inherited)",
					"@executable_path/Frameworks",
					"@loader_path/Frameworks",
				);
				PRODUCT_BUNDLE_IDENTIFIER = com.ReviewAppTests;
				PRODUCT_NAME = "$(TARGET_NAME)";
				SWIFT_VERSION = 4.2;
				TARGETED_DEVICE_FAMILY = "1,2";
				TEST_HOST = "$(BUILT_PRODUCTS_DIR)/ReviewApp.app/ReviewApp";
			};
			name = Debug;
		};
		FF67A0312237756D00A30925 /* Release */ = {
			isa = XCBuildConfiguration;
			buildSettings = {
				ALWAYS_EMBED_SWIFT_STANDARD_LIBRARIES = YES;
				BUNDLE_LOADER = "$(TEST_HOST)";
				CODE_SIGN_STYLE = Automatic;
				DEVELOPMENT_TEAM = UMUY72KH99;
				INFOPLIST_FILE = ReviewAppTests/Info.plist;
				LD_RUNPATH_SEARCH_PATHS = (
					"$(inherited)",
					"@executable_path/Frameworks",
					"@loader_path/Frameworks",
				);
				PRODUCT_BUNDLE_IDENTIFIER = com.ReviewAppTests;
				PRODUCT_NAME = "$(TARGET_NAME)";
				SWIFT_VERSION = 4.2;
				TARGETED_DEVICE_FAMILY = "1,2";
				TEST_HOST = "$(BUILT_PRODUCTS_DIR)/ReviewApp.app/ReviewApp";
			};
			name = Release;
		};
		FF67A0332237756D00A30925 /* Debug */ = {
			isa = XCBuildConfiguration;
			buildSettings = {
				ALWAYS_EMBED_SWIFT_STANDARD_LIBRARIES = YES;
				CODE_SIGN_STYLE = Automatic;
				DEVELOPMENT_TEAM = UMUY72KH99;
				INFOPLIST_FILE = ReviewAppUITests/Info.plist;
				LD_RUNPATH_SEARCH_PATHS = (
					"$(inherited)",
					"@executable_path/Frameworks",
					"@loader_path/Frameworks",
				);
				PRODUCT_BUNDLE_IDENTIFIER = com.ReviewAppUITests;
				PRODUCT_NAME = "$(TARGET_NAME)";
				SWIFT_VERSION = 4.2;
				TARGETED_DEVICE_FAMILY = "1,2";
				TEST_TARGET_NAME = ReviewApp;
			};
			name = Debug;
		};
		FF67A0342237756D00A30925 /* Release */ = {
			isa = XCBuildConfiguration;
			buildSettings = {
				ALWAYS_EMBED_SWIFT_STANDARD_LIBRARIES = YES;
				CODE_SIGN_STYLE = Automatic;
				DEVELOPMENT_TEAM = UMUY72KH99;
				INFOPLIST_FILE = ReviewAppUITests/Info.plist;
				LD_RUNPATH_SEARCH_PATHS = (
					"$(inherited)",
					"@executable_path/Frameworks",
					"@loader_path/Frameworks",
				);
				PRODUCT_BUNDLE_IDENTIFIER = com.ReviewAppUITests;
				PRODUCT_NAME = "$(TARGET_NAME)";
				SWIFT_VERSION = 4.2;
				TARGETED_DEVICE_FAMILY = "1,2";
				TEST_TARGET_NAME = ReviewApp;
			};
			name = Release;
		};
/* End XCBuildConfiguration section */

/* Begin XCConfigurationList section */
		FF679FFC2237756B00A30925 /* Build configuration list for PBXProject "ReviewApp" */ = {
			isa = XCConfigurationList;
			buildConfigurations = (
				FF67A02A2237756D00A30925 /* Debug */,
				FF67A02B2237756D00A30925 /* Release */,
			);
			defaultConfigurationIsVisible = 0;
			defaultConfigurationName = Release;
		};
		FF67A02C2237756D00A30925 /* Build configuration list for PBXNativeTarget "ReviewApp" */ = {
			isa = XCConfigurationList;
			buildConfigurations = (
				FF67A02D2237756D00A30925 /* Debug */,
				FF67A02E2237756D00A30925 /* Release */,
			);
			defaultConfigurationIsVisible = 0;
			defaultConfigurationName = Release;
		};
		FF67A02F2237756D00A30925 /* Build configuration list for PBXNativeTarget "ReviewAppTests" */ = {
			isa = XCConfigurationList;
			buildConfigurations = (
				FF67A0302237756D00A30925 /* Debug */,
				FF67A0312237756D00A30925 /* Release */,
			);
			defaultConfigurationIsVisible = 0;
			defaultConfigurationName = Release;
		};
		FF67A0322237756D00A30925 /* Build configuration list for PBXNativeTarget "ReviewAppUITests" */ = {
			isa = XCConfigurationList;
			buildConfigurations = (
				FF67A0332237756D00A30925 /* Debug */,
				FF67A0342237756D00A30925 /* Release */,
			);
			defaultConfigurationIsVisible = 0;
			defaultConfigurationName = Release;
		};
/* End XCConfigurationList section */

/* Begin XCVersionGroup section */
		FF67A00B2237756B00A30925 /* ReviewApp.xcdatamodeld */ = {
			isa = XCVersionGroup;
			children = (
				FF67A00C2237756B00A30925 /* ReviewApp.xcdatamodel */,
			);
			currentVersion = FF67A00C2237756B00A30925 /* ReviewApp.xcdatamodel */;
			path = ReviewApp.xcdatamodeld;
			sourceTree = "<group>";
			versionGroupType = wrapper.xcdatamodel;
		};
/* End XCVersionGroup section */
	};
	rootObject = FF679FF92237756B00A30925 /* Project object */;
}
